
Microsoft Visual Studio Solution File, Format Version 12.00
# Visual Studio Version 17
VisualStudioVersion = 17.10.34928.147
MinimumVisualStudioVersion = 10.0.40219.1
Project("{9A19103F-16F7-4668-BE54-9A1E7A4F7556}") = "BlazingPizza", "BlazingPizza.csproj", "{543D1DDE-C778-4417-A7B2-E0650AB54871}"
EndProject
Global
	GlobalSection(SolutionConfigurationPlatforms) = preSolution
		Debug|Any CPU = Debug|Any CPU
		Release|Any CPU = Release|Any CPU
	EndGlobalSection
	GlobalSection(ProjectConfigurationPlatforms) = postSolution
		{543D1DDE-C778-4417-A7B2-E0650AB54871}.Debug|Any CPU.ActiveCfg = Debug|Any CPU
		{543D1DDE-C778-4417-A7B2-E0650AB54871}.Debug|Any CPU.Build.0 = Debug|Any CPU
		{543D1DDE-C778-4417-A7B2-E0650AB54871}.Release|Any CPU.ActiveCfg = Release|Any CPU
		{543D1DDE-C778-4417-A7B2-E0650AB54871}.Release|Any CPU.Build.0 = Release|Any CPU
	EndGlobalSection
	GlobalSection(SolutionProperties) = preSolution
		HideSolutionNode = FALSE
	EndGlobalSection
	GlobalSection(ExtensibilityGlobals) = postSolution
		SolutionGuid = {524E4585-CA83-4F94-84CD-00DDD58D8FC9}
	EndGlobalSection
EndGlobal
